{
  "name": "glpk",
  "version": "0.0.13",
  "lockfileVersion": 2,
  "requires": true,
  "packages": {
    "": {
      "name": "glpk",
      "version": "0.0.13",
      "license": "MPL-2.0",
      "dependencies": {
        "bindings": "^1.2.1",
        "nan": "^2.1.0"
      },
      "engines": {
        "iojs": "*",
        "node": ">=0.11.0 <=14.x"
      }
    },
    "node_modules/bindings": {
      "version": "1.5.0",
      "license": "MIT",
      "dependencies": {
        "file-uri-to-path": "1.0.0"
      }
    },
    "node_modules/file-uri-to-path": {
      "version": "1.0.0",
      "license": "MIT"
    },
    "node_modules/nan": {
      "version": "2.14.0",
      "license": "MIT"
    }
  },
  "dependencies": {
    "bindings": {
      "version": "1.5.0",
      "requires": {
        "file-uri-to-path": "1.0.0"
      }
    },
    "file-uri-to-path": {
      "version": "1.0.0"
    },
    "nan": {
      "version": "2.14.0"
    }
  }
}
